{
  "originHash" : "7cf80a4b4902232e6d00899a52f8ffaa6e750ea08507cc8e810cf9b3200f2ca2",
  "pins" : [
    {
      "identity" : "swift-ai-model-retriever",
      "kind" : "remoteSourceControl",
      "location" : "https://github.com/kevinhermawan/swift-ai-model-retriever.git",
      "state" : {
        "branch" : "main",
        "revision" : "b9cd7cd4a68969b4158a2a5a0bc59311028737da"
      }
    },
    {
      "identity" : "swift-json-schema",
      "kind" : "remoteSourceControl",
      "location" : "https://github.com/kevinhermawan/swift-json-schema.git",
      "state" : {
        "revision" : "4a9284e44d8ef2bfc863734e9ff535909ae6b27a",
        "version" : "2.0.1"
      }
    }
  ],
  "version" : 3
}
